
Microsoft Visual Studio Solution File, Format Version 12.00
# Visual Studio 2013
VisualStudioVersion = 12.0.21005.1
MinimumVisualStudioVersion = 10.0.40219.1
Project("{8BC9CEB8-8B4A-11D0-8D11-00A0C91BC942}") = "week120", "week120\week120.vcxproj", "{BADA0E95-9E1F-426B-B5E5-692C8EFBF0E3}"
EndProject
Global
	GlobalSection(SolutionConfigurationPlatforms) = preSolution
		Debug|Win32 = Debug|Win32
		Release|Win32 = Release|Win32
	EndGlobalSection
	GlobalSection(ProjectConfigurationPlatforms) = postSolution
		{BADA0E95-9E1F-426B-B5E5-692C8EFBF0E3}.Debug|Win32.ActiveCfg = Debug|Win32
		{BADA0E95-9E1F-426B-B5E5-692C8EFBF0E3}.Debug|Win32.Build.0 = Debug|Win32
		{BADA0E95-9E1F-426B-B5E5-692C8EFBF0E3}.Release|Win32.ActiveCfg = Release|Win32
		{BADA0E95-9E1F-426B-B5E5-692C8EFBF0E3}.Release|Win32.Build.0 = Release|Win32
	EndGlobalSection
	GlobalSection(SolutionProperties) = preSolution
		HideSolutionNode = FALSE
	EndGlobalSection
EndGlobal
